github.com/NETWAYS/go-check v0.6.4 h1:4WETSVNZNEP0Yudcp5xlvxq6RGn920cmUKq4fz/P1GQ=
github.com/NETWAYS/go-check v0.6.4/go.mod h1:8/GWnq8SirreAixgRmcp82JG16NnEl38rHq9phICy9s=
github.com/davecgh/go-spew v1.1.1 h1:vj9j/u1bqnvCEfJOwUhtlOARqs3+rkHYY13jYWTU97c=
github.com/davecgh/go-spew v1.1.1/go.mod h1:J7Y8YcW2NihsgmVo/mv3lAwl/skON4iLHjSsI+c5H38=
github.com/gosnmp/gosnmp v1.43.2 h1:F9loz6uMCNtIQj0RNO5wz/mZ+FZt2WyNKJYOvw+Zosw=
github.com/gosnmp/gosnmp v1.43.2/go.mod h1:smHIwoaqr1M+HTAEd7+mKkPs8lp3Lf/U+htPUql1Q3c=
github.com/hashicorp/go-version v1.8.0 h1:KAkNb1HAiZd1ukkxDFGmokVZe1Xy9HG6NUp+bPle2i4=
github.com/hashicorp/go-version v1.8.0/go.mod h1:fltr4n8CU8Ke44wwGCBoEymUuxUHl09ZGVZPK5anwXA=
github.com/pmezard/go-difflib v1.0.0 h1:4DBwDE0NGyQoBHbLQYPwSUPoCMWR5BEzIk/f1lZbAQM=
github.com/pmezard/go-difflib v1.0.0/go.mod h1:iKH77koFhYxTK1pcRnkKkqfTogsbg7gZNVY4sRDYZ/4=
github.com/spf13/pflag v1.0.10 h1:4EBh2KAYBwaONj6b2Ye1GiHfwjqyROoF4RwYO+vPwFk=
github.com/spf13/pflag v1.0.10/go.mod h1:McXfInJRrz4CZXVZOBLb0bTZqETkiAhM9Iw0y3An2Bg=
github.com/stretchr/testify v1.11.1 h1:7s2iGBzp5EwR7/aIZr8ao5+dra3wiQyKjjFuvgVKu7U=
github.com/stretchr/testify v1.11.1/go.mod h1:wZwfW3scLgRK+23gO65QZefKpKQRnfz6sD981Nm4B6U=
gopkg.in/yaml.v3 v3.0.1 h1:fxVm/GzAzEWqLHuvctI91KS9hhNmmWOoWu0XTYJS7CA=
gopkg.in/yaml.v3 v3.0.1/go.mod h1:K4uyk7z7BCEPqu6E+C64Yfv1cQ7kz7rIZviUmN+EgEM=
